
Microsoft Visual Studio Solution File, Format Version 12.00
Project("{2150E333-8FDC-42A3-9474-1A3956D46DE8}") = "1. Ui", "1. Ui", "{5884A1A7-FD9F-4CDD-8776-9AD054EA8011}"
EndProject
Project("{FAE04EC0-301F-11D3-BF4B-00C04F79EFBC}") = "EasyRates.ReaderApp.AspNet", "Ui\EasyRates.ReaderApp.AspNet\EasyRates.ReaderApp.AspNet.csproj", "{2F8ADB69-01E1-4809-9338-6B791AEBC123}"
EndProject
Project("{2150E333-8FDC-42A3-9474-1A3956D46DE8}") = "Utils", "Utils", "{3701BA67-94E5-4956-B5B0-E1E985F33ABB}"
EndProject
Project("{FAE04EC0-301F-11D3-BF4B-00C04F79EFBC}") = "SafeOperations", "Utils\SafeOperations\SafeOperations.csproj", "{864F111B-B119-402C-B53A-359554A436F6}"
EndProject
Project("{FAE04EC0-301F-11D3-BF4B-00C04F79EFBC}") = "AppRunner", "Utils\AppRunner\AppRunner.csproj", "{A89AA799-B64D-408B-8C47-F7EF739D3085}"
EndProject
Project("{FAE04EC0-301F-11D3-BF4B-00C04F79EFBC}") = "AppVersion", "Utils\AppVersion\AppVersion.csproj", "{4D64C294-E1FA-4C78-9AEE-52490FBD60B2}"
EndProject
Project("{FAE04EC0-301F-11D3-BF4B-00C04F79EFBC}") = "AspNetCore.Common", "Utils\AspNetCore.Common\AspNetCore.Common.csproj", "{D0F8097D-DF37-48B6-91E1-BBA444F575D6}"
EndProject
Project("{FAE04EC0-301F-11D3-BF4B-00C04F79EFBC}") = "ErrorMessages", "Utils\ErrorMessages\ErrorMessages.csproj", "{B0E61EDF-E49C-4E8C-94D1-D2A95B0DA458}"
EndProject
Project("{FAE04EC0-301F-11D3-BF4B-00C04F79EFBC}") = "EasyRates.ErrorMessages.InMemory", "Ui\EasyRates.ErrorMessages.InMemory\EasyRates.ErrorMessages.InMemory.csproj", "{D8DC3AFD-385B-4024-A982-0E5A953EE57A}"
EndProject
Project("{2150E333-8FDC-42A3-9474-1A3956D46DE8}") = "2. App", "2. App", "{D9469D22-43B2-451C-A688-FF593A647F74}"
EndProject
Project("{FAE04EC0-301F-11D3-BF4B-00C04F79EFBC}") = "EasyRates.ReaderApp", "App\EasyRates.ReaderApp\EasyRates.ReaderApp.csproj", "{73ACAE5A-57A3-4BBE-96C8-0935C0A62878}"
EndProject
Project("{2150E333-8FDC-42A3-9474-1A3956D46DE8}") = "3. Domain", "3. Domain", "{0D9A4137-451F-489D-8F6D-FF02310E3B3B}"
EndProject
Project("{FAE04EC0-301F-11D3-BF4B-00C04F79EFBC}") = "EasyRates.Reader", "Domain\EasyRates.Reader\EasyRates.Reader.csproj", "{C4BD70A3-64A1-461A-BCE3-85B7056AFAB7}"
EndProject
Project("{FAE04EC0-301F-11D3-BF4B-00C04F79EFBC}") = "EasyRates.Model.Ef", "Domain\EasyRates.Model.Ef\EasyRates.Model.Ef.csproj", "{454F16F5-096E-4572-A0A9-CD19480401C9}"
EndProject
Project("{FAE04EC0-301F-11D3-BF4B-00C04F79EFBC}") = "EasyRates.WriterApp", "App\EasyRates.WriterApp\EasyRates.WriterApp.csproj", "{0C4720FC-0297-4B50-B9D5-1BF9DB28D3DD}"
EndProject
Project("{FAE04EC0-301F-11D3-BF4B-00C04F79EFBC}") = "EfCore.Common", "Utils\EfCore.Common\EfCore.Common.csproj", "{09D91C33-BB31-40C5-BC3F-EFD742B80557}"
EndProject
Project("{FAE04EC0-301F-11D3-BF4B-00C04F79EFBC}") = "EasyRates.Reader.Ef", "Domain\EasyRates.Reader.Ef\EasyRates.Reader.Ef.csproj", "{4B9014D7-A7C5-419A-9220-2D89FD85FADE}"
EndProject
Project("{2150E333-8FDC-42A3-9474-1A3956D46DE8}") = "4. Tests", "4. Tests", "{F1558C28-578C-49DA-B506-EEF321EE02F8}"
EndProject
Project("{FAE04EC0-301F-11D3-BF4B-00C04F79EFBC}") = "EasyRates.Tests", "Tests\EasyRates.Tests\EasyRates.Tests.csproj", "{FFDF288C-9353-451A-9916-37B181C02CF6}"
EndProject
Project("{FAE04EC0-301F-11D3-BF4B-00C04F79EFBC}") = "EasyRates.Model", "Domain\EasyRates.Model\EasyRates.Model.csproj", "{2F057213-C18A-4ABE-B1AA-ED889FBB5D4E}"
EndProject
Project("{FAE04EC0-301F-11D3-BF4B-00C04F79EFBC}") = "EasyRates.Migrator", "Ui\EasyRates.Migrator\EasyRates.Migrator.csproj", "{58729D76-DE13-43FC-A55E-5F6919202E9B}"
EndProject
Project("{FAE04EC0-301F-11D3-BF4B-00C04F79EFBC}") = "EasyRates.Writer", "Domain\EasyRates.Writer\EasyRates.Writer.csproj", "{75714AC7-92D5-46E5-A74B-B7FDE3BCB30E}"
EndProject
Project("{FAE04EC0-301F-11D3-BF4B-00C04F79EFBC}") = "EasyRates.Writer.Ef", "Domain\EasyRates.Writer.Ef\EasyRates.Writer.Ef.csproj", "{284E1710-3FC3-4BE3-BF1C-B71B26EA8A4F}"
EndProject
Project("{FAE04EC0-301F-11D3-BF4B-00C04F79EFBC}") = "EasyRates.RatesProvider.InMemory", "Domain\EasyRates.RatesProvider.InMemory\EasyRates.RatesProvider.InMemory.csproj", "{EC33A352-1370-4F63-8432-4D00DE4802C2}"
EndProject
Project("{FAE04EC0-301F-11D3-BF4B-00C04F79EFBC}") = "EasyRates.WriterApp.Console", "Ui\EasyRates.WriterApp.Console\EasyRates.WriterApp.Console.csproj", "{BD60B6E2-C50C-4014-A280-F26EEE2206C8}"
EndProject
Project("{FAE04EC0-301F-11D3-BF4B-00C04F79EFBC}") = "EasyRates.RatesProvider.OpenExchange", "Domain\EasyRates.RatesProvider.OpenExchange\EasyRates.RatesProvider.OpenExchange.csproj", "{19BABB4C-C15C-4A09-944C-4088AF996F01}"
EndProject
Project("{FAE04EC0-301F-11D3-BF4B-00C04F79EFBC}") = "Time", "Utils\Time\Time.csproj", "{4116A590-1ADB-47D6-8859-0D980FE9C95F}"
EndProject
Global
	GlobalSection(SolutionConfigurationPlatforms) = preSolution
		Debug|Any CPU = Debug|Any CPU
		Release|Any CPU = Release|Any CPU
	EndGlobalSection
	GlobalSection(ProjectConfigurationPlatforms) = postSolution
		{2F8ADB69-01E1-4809-9338-6B791AEBC123}.Debug|Any CPU.ActiveCfg = Debug|Any CPU
		{2F8ADB69-01E1-4809-9338-6B791AEBC123}.Debug|Any CPU.Build.0 = Debug|Any CPU
		{2F8ADB69-01E1-4809-9338-6B791AEBC123}.Release|Any CPU.ActiveCfg = Release|Any CPU
		{2F8ADB69-01E1-4809-9338-6B791AEBC123}.Release|Any CPU.Build.0 = Release|Any CPU
		{864F111B-B119-402C-B53A-359554A436F6}.Debug|Any CPU.ActiveCfg = Debug|Any CPU
		{864F111B-B119-402C-B53A-359554A436F6}.Debug|Any CPU.Build.0 = Debug|Any CPU
		{864F111B-B119-402C-B53A-359554A436F6}.Release|Any CPU.ActiveCfg = Release|Any CPU
		{864F111B-B119-402C-B53A-359554A436F6}.Release|Any CPU.Build.0 = Release|Any CPU
		{A89AA799-B64D-408B-8C47-F7EF739D3085}.Debug|Any CPU.ActiveCfg = Debug|Any CPU
		{A89AA799-B64D-408B-8C47-F7EF739D3085}.Debug|Any CPU.Build.0 = Debug|Any CPU
		{A89AA799-B64D-408B-8C47-F7EF739D3085}.Release|Any CPU.ActiveCfg = Release|Any CPU
		{A89AA799-B64D-408B-8C47-F7EF739D3085}.Release|Any CPU.Build.0 = Release|Any CPU
		{4D64C294-E1FA-4C78-9AEE-52490FBD60B2}.Debug|Any CPU.ActiveCfg = Debug|Any CPU
		{4D64C294-E1FA-4C78-9AEE-52490FBD60B2}.Debug|Any CPU.Build.0 = Debug|Any CPU
		{4D64C294-E1FA-4C78-9AEE-52490FBD60B2}.Release|Any CPU.ActiveCfg = Release|Any CPU
		{4D64C294-E1FA-4C78-9AEE-52490FBD60B2}.Release|Any CPU.Build.0 = Release|Any CPU
		{D0F8097D-DF37-48B6-91E1-BBA444F575D6}.Debug|Any CPU.ActiveCfg = Debug|Any CPU
		{D0F8097D-DF37-48B6-91E1-BBA444F575D6}.Debug|Any CPU.Build.0 = Debug|Any CPU
		{D0F8097D-DF37-48B6-91E1-BBA444F575D6}.Release|Any CPU.ActiveCfg = Release|Any CPU
		{D0F8097D-DF37-48B6-91E1-BBA444F575D6}.Release|Any CPU.Build.0 = Release|Any CPU
		{B0E61EDF-E49C-4E8C-94D1-D2A95B0DA458}.Debug|Any CPU.ActiveCfg = Debug|Any CPU
		{B0E61EDF-E49C-4E8C-94D1-D2A95B0DA458}.Debug|Any CPU.Build.0 = Debug|Any CPU
		{B0E61EDF-E49C-4E8C-94D1-D2A95B0DA458}.Release|Any CPU.ActiveCfg = Release|Any CPU
		{B0E61EDF-E49C-4E8C-94D1-D2A95B0DA458}.Release|Any CPU.Build.0 = Release|Any CPU
		{D8DC3AFD-385B-4024-A982-0E5A953EE57A}.Debug|Any CPU.ActiveCfg = Debug|Any CPU
		{D8DC3AFD-385B-4024-A982-0E5A953EE57A}.Debug|Any CPU.Build.0 = Debug|Any CPU
		{D8DC3AFD-385B-4024-A982-0E5A953EE57A}.Release|Any CPU.ActiveCfg = Release|Any CPU
		{D8DC3AFD-385B-4024-A982-0E5A953EE57A}.Release|Any CPU.Build.0 = Release|Any CPU
		{73ACAE5A-57A3-4BBE-96C8-0935C0A62878}.Debug|Any CPU.ActiveCfg = Debug|Any CPU
		{73ACAE5A-57A3-4BBE-96C8-0935C0A62878}.Debug|Any CPU.Build.0 = Debug|Any CPU
		{73ACAE5A-57A3-4BBE-96C8-0935C0A62878}.Release|Any CPU.ActiveCfg = Release|Any CPU
		{73ACAE5A-57A3-4BBE-96C8-0935C0A62878}.Release|Any CPU.Build.0 = Release|Any CPU
		{C4BD70A3-64A1-461A-BCE3-85B7056AFAB7}.Debug|Any CPU.ActiveCfg = Debug|Any CPU
		{C4BD70A3-64A1-461A-BCE3-85B7056AFAB7}.Debug|Any CPU.Build.0 = Debug|Any CPU
		{C4BD70A3-64A1-461A-BCE3-85B7056AFAB7}.Release|Any CPU.ActiveCfg = Release|Any CPU
		{C4BD70A3-64A1-461A-BCE3-85B7056AFAB7}.Release|Any CPU.Build.0 = Release|Any CPU
		{454F16F5-096E-4572-A0A9-CD19480401C9}.Debug|Any CPU.ActiveCfg = Debug|Any CPU
		{454F16F5-096E-4572-A0A9-CD19480401C9}.Debug|Any CPU.Build.0 = Debug|Any CPU
		{454F16F5-096E-4572-A0A9-CD19480401C9}.Release|Any CPU.ActiveCfg = Release|Any CPU
		{454F16F5-096E-4572-A0A9-CD19480401C9}.Release|Any CPU.Build.0 = Release|Any CPU
		{0C4720FC-0297-4B50-B9D5-1BF9DB28D3DD}.Debug|Any CPU.ActiveCfg = Debug|Any CPU
		{0C4720FC-0297-4B50-B9D5-1BF9DB28D3DD}.Debug|Any CPU.Build.0 = Debug|Any CPU
		{0C4720FC-0297-4B50-B9D5-1BF9DB28D3DD}.Release|Any CPU.ActiveCfg = Release|Any CPU
		{0C4720FC-0297-4B50-B9D5-1BF9DB28D3DD}.Release|Any CPU.Build.0 = Release|Any CPU
		{09D91C33-BB31-40C5-BC3F-EFD742B80557}.Debug|Any CPU.ActiveCfg = Debug|Any CPU
		{09D91C33-BB31-40C5-BC3F-EFD742B80557}.Debug|Any CPU.Build.0 = Debug|Any CPU
		{09D91C33-BB31-40C5-BC3F-EFD742B80557}.Release|Any CPU.ActiveCfg = Release|Any CPU
		{09D91C33-BB31-40C5-BC3F-EFD742B80557}.Release|Any CPU.Build.0 = Release|Any CPU
		{4B9014D7-A7C5-419A-9220-2D89FD85FADE}.Debug|Any CPU.ActiveCfg = Debug|Any CPU
		{4B9014D7-A7C5-419A-9220-2D89FD85FADE}.Debug|Any CPU.Build.0 = Debug|Any CPU
		{4B9014D7-A7C5-419A-9220-2D89FD85FADE}.Release|Any CPU.ActiveCfg = Release|Any CPU
		{4B9014D7-A7C5-419A-9220-2D89FD85FADE}.Release|Any CPU.Build.0 = Release|Any CPU
		{FFDF288C-9353-451A-9916-37B181C02CF6}.Debug|Any CPU.ActiveCfg = Debug|Any CPU
		{FFDF288C-9353-451A-9916-37B181C02CF6}.Debug|Any CPU.Build.0 = Debug|Any CPU
		{FFDF288C-9353-451A-9916-37B181C02CF6}.Release|Any CPU.ActiveCfg = Release|Any CPU
		{FFDF288C-9353-451A-9916-37B181C02CF6}.Release|Any CPU.Build.0 = Release|Any CPU
		{2F057213-C18A-4ABE-B1AA-ED889FBB5D4E}.Debug|Any CPU.ActiveCfg = Debug|Any CPU
		{2F057213-C18A-4ABE-B1AA-ED889FBB5D4E}.Debug|Any CPU.Build.0 = Debug|Any CPU
		{2F057213-C18A-4ABE-B1AA-ED889FBB5D4E}.Release|Any CPU.ActiveCfg = Release|Any CPU
		{2F057213-C18A-4ABE-B1AA-ED889FBB5D4E}.Release|Any CPU.Build.0 = Release|Any CPU
		{58729D76-DE13-43FC-A55E-5F6919202E9B}.Debug|Any CPU.ActiveCfg = Debug|Any CPU
		{58729D76-DE13-43FC-A55E-5F6919202E9B}.Debug|Any CPU.Build.0 = Debug|Any CPU
		{58729D76-DE13-43FC-A55E-5F6919202E9B}.Release|Any CPU.ActiveCfg = Release|Any CPU
		{58729D76-DE13-43FC-A55E-5F6919202E9B}.Release|Any CPU.Build.0 = Release|Any CPU
		{75714AC7-92D5-46E5-A74B-B7FDE3BCB30E}.Debug|Any CPU.ActiveCfg = Debug|Any CPU
		{75714AC7-92D5-46E5-A74B-B7FDE3BCB30E}.Debug|Any CPU.Build.0 = Debug|Any CPU
		{75714AC7-92D5-46E5-A74B-B7FDE3BCB30E}.Release|Any CPU.ActiveCfg = Release|Any CPU
		{75714AC7-92D5-46E5-A74B-B7FDE3BCB30E}.Release|Any CPU.Build.0 = Release|Any CPU
		{284E1710-3FC3-4BE3-BF1C-B71B26EA8A4F}.Debug|Any CPU.ActiveCfg = Debug|Any CPU
		{284E1710-3FC3-4BE3-BF1C-B71B26EA8A4F}.Debug|Any CPU.Build.0 = Debug|Any CPU
		{284E1710-3FC3-4BE3-BF1C-B71B26EA8A4F}.Release|Any CPU.ActiveCfg = Release|Any CPU
		{284E1710-3FC3-4BE3-BF1C-B71B26EA8A4F}.Release|Any CPU.Build.0 = Release|Any CPU
		{EC33A352-1370-4F63-8432-4D00DE4802C2}.Debug|Any CPU.ActiveCfg = Debug|Any CPU
		{EC33A352-1370-4F63-8432-4D00DE4802C2}.Debug|Any CPU.Build.0 = Debug|Any CPU
		{EC33A352-1370-4F63-8432-4D00DE4802C2}.Release|Any CPU.ActiveCfg = Release|Any CPU
		{EC33A352-1370-4F63-8432-4D00DE4802C2}.Release|Any CPU.Build.0 = Release|Any CPU
		{BD60B6E2-C50C-4014-A280-F26EEE2206C8}.Debug|Any CPU.ActiveCfg = Debug|Any CPU
		{BD60B6E2-C50C-4014-A280-F26EEE2206C8}.Debug|Any CPU.Build.0 = Debug|Any CPU
		{BD60B6E2-C50C-4014-A280-F26EEE2206C8}.Release|Any CPU.ActiveCfg = Release|Any CPU
		{BD60B6E2-C50C-4014-A280-F26EEE2206C8}.Release|Any CPU.Build.0 = Release|Any CPU
		{19BABB4C-C15C-4A09-944C-4088AF996F01}.Debug|Any CPU.ActiveCfg = Debug|Any CPU
		{19BABB4C-C15C-4A09-944C-4088AF996F01}.Debug|Any CPU.Build.0 = Debug|Any CPU
		{19BABB4C-C15C-4A09-944C-4088AF996F01}.Release|Any CPU.ActiveCfg = Release|Any CPU
		{19BABB4C-C15C-4A09-944C-4088AF996F01}.Release|Any CPU.Build.0 = Release|Any CPU
		{4116A590-1ADB-47D6-8859-0D980FE9C95F}.Debug|Any CPU.ActiveCfg = Debug|Any CPU
		{4116A590-1ADB-47D6-8859-0D980FE9C95F}.Debug|Any CPU.Build.0 = Debug|Any CPU
		{4116A590-1ADB-47D6-8859-0D980FE9C95F}.Release|Any CPU.ActiveCfg = Release|Any CPU
		{4116A590-1ADB-47D6-8859-0D980FE9C95F}.Release|Any CPU.Build.0 = Release|Any CPU
	EndGlobalSection
	GlobalSection(NestedProjects) = preSolution
		{2F8ADB69-01E1-4809-9338-6B791AEBC123} = {5884A1A7-FD9F-4CDD-8776-9AD054EA8011}
		{864F111B-B119-402C-B53A-359554A436F6} = {3701BA67-94E5-4956-B5B0-E1E985F33ABB}
		{A89AA799-B64D-408B-8C47-F7EF739D3085} = {3701BA67-94E5-4956-B5B0-E1E985F33ABB}
		{4D64C294-E1FA-4C78-9AEE-52490FBD60B2} = {3701BA67-94E5-4956-B5B0-E1E985F33ABB}
		{D0F8097D-DF37-48B6-91E1-BBA444F575D6} = {3701BA67-94E5-4956-B5B0-E1E985F33ABB}
		{B0E61EDF-E49C-4E8C-94D1-D2A95B0DA458} = {3701BA67-94E5-4956-B5B0-E1E985F33ABB}
		{D8DC3AFD-385B-4024-A982-0E5A953EE57A} = {5884A1A7-FD9F-4CDD-8776-9AD054EA8011}
		{73ACAE5A-57A3-4BBE-96C8-0935C0A62878} = {D9469D22-43B2-451C-A688-FF593A647F74}
		{C4BD70A3-64A1-461A-BCE3-85B7056AFAB7} = {0D9A4137-451F-489D-8F6D-FF02310E3B3B}
		{454F16F5-096E-4572-A0A9-CD19480401C9} = {0D9A4137-451F-489D-8F6D-FF02310E3B3B}
		{0C4720FC-0297-4B50-B9D5-1BF9DB28D3DD} = {D9469D22-43B2-451C-A688-FF593A647F74}
		{09D91C33-BB31-40C5-BC3F-EFD742B80557} = {3701BA67-94E5-4956-B5B0-E1E985F33ABB}
		{4B9014D7-A7C5-419A-9220-2D89FD85FADE} = {0D9A4137-451F-489D-8F6D-FF02310E3B3B}
		{FFDF288C-9353-451A-9916-37B181C02CF6} = {F1558C28-578C-49DA-B506-EEF321EE02F8}
		{2F057213-C18A-4ABE-B1AA-ED889FBB5D4E} = {0D9A4137-451F-489D-8F6D-FF02310E3B3B}
		{58729D76-DE13-43FC-A55E-5F6919202E9B} = {5884A1A7-FD9F-4CDD-8776-9AD054EA8011}
		{75714AC7-92D5-46E5-A74B-B7FDE3BCB30E} = {0D9A4137-451F-489D-8F6D-FF02310E3B3B}
		{284E1710-3FC3-4BE3-BF1C-B71B26EA8A4F} = {0D9A4137-451F-489D-8F6D-FF02310E3B3B}
		{EC33A352-1370-4F63-8432-4D00DE4802C2} = {0D9A4137-451F-489D-8F6D-FF02310E3B3B}
		{BD60B6E2-C50C-4014-A280-F26EEE2206C8} = {5884A1A7-FD9F-4CDD-8776-9AD054EA8011}
		{19BABB4C-C15C-4A09-944C-4088AF996F01} = {0D9A4137-451F-489D-8F6D-FF02310E3B3B}
		{4116A590-1ADB-47D6-8859-0D980FE9C95F} = {3701BA67-94E5-4956-B5B0-E1E985F33ABB}
	EndGlobalSection
EndGlobal
