
Microsoft Visual Studio Solution File, Format Version 12.00
Project("{2150E333-8FDC-42A3-9474-1A3956D46DE8}") = "Writer", "Writer", "{0086E51C-49A1-4997-8BBD-8E71AE5030FB}"
EndProject
Project("{2150E333-8FDC-42A3-9474-1A3956D46DE8}") = "Model", "Model", "{98B73D31-156D-48CA-93D1-EAD6E79EF2E1}"
EndProject
Project("{FAE04EC0-301F-11D3-BF4B-00C04F79EFBC}") = "EasyRates.Model", "Model\EasyRates.Model\EasyRates.Model.csproj", "{21504B39-CC8C-4B70-A1EA-1ACF12D59F4A}"
EndProject
Project("{FAE04EC0-301F-11D3-BF4B-00C04F79EFBC}") = "EasyRates.Model.Ef.Pg", "Model\EasyRates.Model.Ef.Pg\EasyRates.Model.Ef.Pg.csproj", "{FC706CB0-E5C2-4AAC-A5AE-8644B6647164}"
EndProject
Project("{2150E333-8FDC-42A3-9474-1A3956D46DE8}") = "Reader", "Reader", "{850CF988-B42A-43C2-88CB-990D8CD41F39}"
EndProject
Project("{FAE04EC0-301F-11D3-BF4B-00C04F79EFBC}") = "EasyRates.Writer", "Writer\EasyRates.Writer\EasyRates.Writer.csproj", "{5FABEC6C-977A-472F-B121-664FD7C21D81}"
EndProject
Project("{FAE04EC0-301F-11D3-BF4B-00C04F79EFBC}") = "EasyRates.Writer.Ef.Pg", "Writer\EasyRates.Writer.Ef.Pg\EasyRates.Writer.Ef.Pg.csproj", "{B2BBA820-7C7E-46B9-84C7-E9F49339A566}"
EndProject
Project("{FAE04EC0-301F-11D3-BF4B-00C04F79EFBC}") = "EasyRates.RatesProvider.InMemory", "Writer\EasyRates.RatesProvider.InMemory\EasyRates.RatesProvider.InMemory.csproj", "{99550443-7000-4F4A-834D-6B629F04F261}"
EndProject
Project("{FAE04EC0-301F-11D3-BF4B-00C04F79EFBC}") = "EasyRates.RatesProvider.OpenExchange", "Writer\EasyRates.RatesProvider.OpenExchange\EasyRates.RatesProvider.OpenExchange.csproj", "{3B7F6E2C-B42F-4BA2-993C-A68F41A0EA59}"
EndProject
Project("{FAE04EC0-301F-11D3-BF4B-00C04F79EFBC}") = "EasyRates.Reader", "Reader\EasyRates.Reader\EasyRates.Reader.csproj", "{A8476631-B2F5-40A1-BDD2-6E4A63B00345}"
EndProject
Project("{FAE04EC0-301F-11D3-BF4B-00C04F79EFBC}") = "EasyRates.Reader.Ef.Pg", "Reader\EasyRates.Reader.Ef.Pg\EasyRates.Reader.Ef.Pg.csproj", "{EB173427-E6BF-4370-ACE4-7CEECA71327F}"
EndProject
Project("{FAE04EC0-301F-11D3-BF4B-00C04F79EFBC}") = "EasyRates.WriterApp", "Writer\EasyRates.WriterApp\EasyRates.WriterApp.csproj", "{9F7927DE-06D3-4FA9-9143-AF381B3E4C7E}"
EndProject
Project("{FAE04EC0-301F-11D3-BF4B-00C04F79EFBC}") = "EasyRates.ReaderApp", "Reader\EasyRates.ReaderApp\EasyRates.ReaderApp.csproj", "{454AFCC0-BEB5-4854-970A-F28371CEE173}"
EndProject
Project("{FAE04EC0-301F-11D3-BF4B-00C04F79EFBC}") = "EasyRates.ReaderApp.AspNet", "Reader\EasyRates.ReaderApp.AspNet\EasyRates.ReaderApp.AspNet.csproj", "{0510BBEC-8833-4ED0-A3D1-478C58F365E1}"
EndProject
Project("{FAE04EC0-301F-11D3-BF4B-00C04F79EFBC}") = "EasyRates.WriterApp.AspNet", "Writer\EasyRates.WriterApp.AspNet\EasyRates.WriterApp.AspNet.csproj", "{8D3CA110-A801-45FE-8251-507CED6159AD}"
EndProject
Project("{FAE04EC0-301F-11D3-BF4B-00C04F79EFBC}") = "EasyRates.Model.Tests", "Model\EasyRates.Model.Tests\EasyRates.Model.Tests.csproj", "{D7E2480A-69B6-457E-A455-E50C4C4619B5}"
EndProject
Project("{FAE04EC0-301F-11D3-BF4B-00C04F79EFBC}") = "EasyRates.Reader.Tests", "Reader\EasyRates.Reader.Tests\EasyRates.Reader.Tests.csproj", "{4D9B5FCA-84BF-470F-A6BB-F68FCE087E98}"
EndProject
Project("{FAE04EC0-301F-11D3-BF4B-00C04F79EFBC}") = "EasyRates.Writer.Tests", "Writer\EasyRates.Writer.Tests\EasyRates.Writer.Tests.csproj", "{4023DF8C-DE9E-4E56-AEA4-026D6DC267BF}"
EndProject
Project("{FAE04EC0-301F-11D3-BF4B-00C04F79EFBC}") = "EasyRates.Migrator.Pg", "Model\EasyRates.Migrator.Pg\EasyRates.Migrator.Pg.csproj", "{37D2515B-D890-4257-AF7E-E40DAF425C09}"
EndProject
Project("{FAE04EC0-301F-11D3-BF4B-00C04F79EFBC}") = "EasyRates.Reader.Client", "Reader\EasyRates.Reader.Client\EasyRates.Reader.Client.csproj", "{DA7F0095-70C1-4F52-AA45-9D6C74E78266}"
EndProject
Global
	GlobalSection(SolutionConfigurationPlatforms) = preSolution
		Debug|Any CPU = Debug|Any CPU
		Release|Any CPU = Release|Any CPU
	EndGlobalSection
	GlobalSection(ProjectConfigurationPlatforms) = postSolution
		{21504B39-CC8C-4B70-A1EA-1ACF12D59F4A}.Debug|Any CPU.ActiveCfg = Debug|Any CPU
		{21504B39-CC8C-4B70-A1EA-1ACF12D59F4A}.Debug|Any CPU.Build.0 = Debug|Any CPU
		{21504B39-CC8C-4B70-A1EA-1ACF12D59F4A}.Release|Any CPU.ActiveCfg = Release|Any CPU
		{21504B39-CC8C-4B70-A1EA-1ACF12D59F4A}.Release|Any CPU.Build.0 = Release|Any CPU
		{FC706CB0-E5C2-4AAC-A5AE-8644B6647164}.Debug|Any CPU.ActiveCfg = Debug|Any CPU
		{FC706CB0-E5C2-4AAC-A5AE-8644B6647164}.Debug|Any CPU.Build.0 = Debug|Any CPU
		{FC706CB0-E5C2-4AAC-A5AE-8644B6647164}.Release|Any CPU.ActiveCfg = Release|Any CPU
		{FC706CB0-E5C2-4AAC-A5AE-8644B6647164}.Release|Any CPU.Build.0 = Release|Any CPU
		{5FABEC6C-977A-472F-B121-664FD7C21D81}.Debug|Any CPU.ActiveCfg = Debug|Any CPU
		{5FABEC6C-977A-472F-B121-664FD7C21D81}.Debug|Any CPU.Build.0 = Debug|Any CPU
		{5FABEC6C-977A-472F-B121-664FD7C21D81}.Release|Any CPU.ActiveCfg = Release|Any CPU
		{5FABEC6C-977A-472F-B121-664FD7C21D81}.Release|Any CPU.Build.0 = Release|Any CPU
		{B2BBA820-7C7E-46B9-84C7-E9F49339A566}.Debug|Any CPU.ActiveCfg = Debug|Any CPU
		{B2BBA820-7C7E-46B9-84C7-E9F49339A566}.Debug|Any CPU.Build.0 = Debug|Any CPU
		{B2BBA820-7C7E-46B9-84C7-E9F49339A566}.Release|Any CPU.ActiveCfg = Release|Any CPU
		{B2BBA820-7C7E-46B9-84C7-E9F49339A566}.Release|Any CPU.Build.0 = Release|Any CPU
		{99550443-7000-4F4A-834D-6B629F04F261}.Debug|Any CPU.ActiveCfg = Debug|Any CPU
		{99550443-7000-4F4A-834D-6B629F04F261}.Debug|Any CPU.Build.0 = Debug|Any CPU
		{99550443-7000-4F4A-834D-6B629F04F261}.Release|Any CPU.ActiveCfg = Release|Any CPU
		{99550443-7000-4F4A-834D-6B629F04F261}.Release|Any CPU.Build.0 = Release|Any CPU
		{3B7F6E2C-B42F-4BA2-993C-A68F41A0EA59}.Debug|Any CPU.ActiveCfg = Debug|Any CPU
		{3B7F6E2C-B42F-4BA2-993C-A68F41A0EA59}.Debug|Any CPU.Build.0 = Debug|Any CPU
		{3B7F6E2C-B42F-4BA2-993C-A68F41A0EA59}.Release|Any CPU.ActiveCfg = Release|Any CPU
		{3B7F6E2C-B42F-4BA2-993C-A68F41A0EA59}.Release|Any CPU.Build.0 = Release|Any CPU
		{A8476631-B2F5-40A1-BDD2-6E4A63B00345}.Debug|Any CPU.ActiveCfg = Debug|Any CPU
		{A8476631-B2F5-40A1-BDD2-6E4A63B00345}.Debug|Any CPU.Build.0 = Debug|Any CPU
		{A8476631-B2F5-40A1-BDD2-6E4A63B00345}.Release|Any CPU.ActiveCfg = Release|Any CPU
		{A8476631-B2F5-40A1-BDD2-6E4A63B00345}.Release|Any CPU.Build.0 = Release|Any CPU
		{EB173427-E6BF-4370-ACE4-7CEECA71327F}.Debug|Any CPU.ActiveCfg = Debug|Any CPU
		{EB173427-E6BF-4370-ACE4-7CEECA71327F}.Debug|Any CPU.Build.0 = Debug|Any CPU
		{EB173427-E6BF-4370-ACE4-7CEECA71327F}.Release|Any CPU.ActiveCfg = Release|Any CPU
		{EB173427-E6BF-4370-ACE4-7CEECA71327F}.Release|Any CPU.Build.0 = Release|Any CPU
		{9F7927DE-06D3-4FA9-9143-AF381B3E4C7E}.Debug|Any CPU.ActiveCfg = Debug|Any CPU
		{9F7927DE-06D3-4FA9-9143-AF381B3E4C7E}.Debug|Any CPU.Build.0 = Debug|Any CPU
		{9F7927DE-06D3-4FA9-9143-AF381B3E4C7E}.Release|Any CPU.ActiveCfg = Release|Any CPU
		{9F7927DE-06D3-4FA9-9143-AF381B3E4C7E}.Release|Any CPU.Build.0 = Release|Any CPU
		{454AFCC0-BEB5-4854-970A-F28371CEE173}.Debug|Any CPU.ActiveCfg = Debug|Any CPU
		{454AFCC0-BEB5-4854-970A-F28371CEE173}.Debug|Any CPU.Build.0 = Debug|Any CPU
		{454AFCC0-BEB5-4854-970A-F28371CEE173}.Release|Any CPU.ActiveCfg = Release|Any CPU
		{454AFCC0-BEB5-4854-970A-F28371CEE173}.Release|Any CPU.Build.0 = Release|Any CPU
		{0510BBEC-8833-4ED0-A3D1-478C58F365E1}.Debug|Any CPU.ActiveCfg = Debug|Any CPU
		{0510BBEC-8833-4ED0-A3D1-478C58F365E1}.Debug|Any CPU.Build.0 = Debug|Any CPU
		{0510BBEC-8833-4ED0-A3D1-478C58F365E1}.Release|Any CPU.ActiveCfg = Release|Any CPU
		{0510BBEC-8833-4ED0-A3D1-478C58F365E1}.Release|Any CPU.Build.0 = Release|Any CPU
		{8D3CA110-A801-45FE-8251-507CED6159AD}.Debug|Any CPU.ActiveCfg = Debug|Any CPU
		{8D3CA110-A801-45FE-8251-507CED6159AD}.Debug|Any CPU.Build.0 = Debug|Any CPU
		{8D3CA110-A801-45FE-8251-507CED6159AD}.Release|Any CPU.ActiveCfg = Release|Any CPU
		{8D3CA110-A801-45FE-8251-507CED6159AD}.Release|Any CPU.Build.0 = Release|Any CPU
		{D7E2480A-69B6-457E-A455-E50C4C4619B5}.Debug|Any CPU.ActiveCfg = Debug|Any CPU
		{D7E2480A-69B6-457E-A455-E50C4C4619B5}.Debug|Any CPU.Build.0 = Debug|Any CPU
		{D7E2480A-69B6-457E-A455-E50C4C4619B5}.Release|Any CPU.ActiveCfg = Release|Any CPU
		{D7E2480A-69B6-457E-A455-E50C4C4619B5}.Release|Any CPU.Build.0 = Release|Any CPU
		{4D9B5FCA-84BF-470F-A6BB-F68FCE087E98}.Debug|Any CPU.ActiveCfg = Debug|Any CPU
		{4D9B5FCA-84BF-470F-A6BB-F68FCE087E98}.Debug|Any CPU.Build.0 = Debug|Any CPU
		{4D9B5FCA-84BF-470F-A6BB-F68FCE087E98}.Release|Any CPU.ActiveCfg = Release|Any CPU
		{4D9B5FCA-84BF-470F-A6BB-F68FCE087E98}.Release|Any CPU.Build.0 = Release|Any CPU
		{4023DF8C-DE9E-4E56-AEA4-026D6DC267BF}.Debug|Any CPU.ActiveCfg = Debug|Any CPU
		{4023DF8C-DE9E-4E56-AEA4-026D6DC267BF}.Debug|Any CPU.Build.0 = Debug|Any CPU
		{4023DF8C-DE9E-4E56-AEA4-026D6DC267BF}.Release|Any CPU.ActiveCfg = Release|Any CPU
		{4023DF8C-DE9E-4E56-AEA4-026D6DC267BF}.Release|Any CPU.Build.0 = Release|Any CPU
		{37D2515B-D890-4257-AF7E-E40DAF425C09}.Debug|Any CPU.ActiveCfg = Debug|Any CPU
		{37D2515B-D890-4257-AF7E-E40DAF425C09}.Debug|Any CPU.Build.0 = Debug|Any CPU
		{37D2515B-D890-4257-AF7E-E40DAF425C09}.Release|Any CPU.ActiveCfg = Release|Any CPU
		{37D2515B-D890-4257-AF7E-E40DAF425C09}.Release|Any CPU.Build.0 = Release|Any CPU
		{DA7F0095-70C1-4F52-AA45-9D6C74E78266}.Debug|Any CPU.ActiveCfg = Debug|Any CPU
		{DA7F0095-70C1-4F52-AA45-9D6C74E78266}.Debug|Any CPU.Build.0 = Debug|Any CPU
		{DA7F0095-70C1-4F52-AA45-9D6C74E78266}.Release|Any CPU.ActiveCfg = Release|Any CPU
		{DA7F0095-70C1-4F52-AA45-9D6C74E78266}.Release|Any CPU.Build.0 = Release|Any CPU
	EndGlobalSection
	GlobalSection(NestedProjects) = preSolution
		{21504B39-CC8C-4B70-A1EA-1ACF12D59F4A} = {98B73D31-156D-48CA-93D1-EAD6E79EF2E1}
		{FC706CB0-E5C2-4AAC-A5AE-8644B6647164} = {98B73D31-156D-48CA-93D1-EAD6E79EF2E1}
		{5FABEC6C-977A-472F-B121-664FD7C21D81} = {0086E51C-49A1-4997-8BBD-8E71AE5030FB}
		{B2BBA820-7C7E-46B9-84C7-E9F49339A566} = {0086E51C-49A1-4997-8BBD-8E71AE5030FB}
		{99550443-7000-4F4A-834D-6B629F04F261} = {0086E51C-49A1-4997-8BBD-8E71AE5030FB}
		{3B7F6E2C-B42F-4BA2-993C-A68F41A0EA59} = {0086E51C-49A1-4997-8BBD-8E71AE5030FB}
		{A8476631-B2F5-40A1-BDD2-6E4A63B00345} = {850CF988-B42A-43C2-88CB-990D8CD41F39}
		{EB173427-E6BF-4370-ACE4-7CEECA71327F} = {850CF988-B42A-43C2-88CB-990D8CD41F39}
		{9F7927DE-06D3-4FA9-9143-AF381B3E4C7E} = {0086E51C-49A1-4997-8BBD-8E71AE5030FB}
		{454AFCC0-BEB5-4854-970A-F28371CEE173} = {850CF988-B42A-43C2-88CB-990D8CD41F39}
		{0510BBEC-8833-4ED0-A3D1-478C58F365E1} = {850CF988-B42A-43C2-88CB-990D8CD41F39}
		{8D3CA110-A801-45FE-8251-507CED6159AD} = {0086E51C-49A1-4997-8BBD-8E71AE5030FB}
		{D7E2480A-69B6-457E-A455-E50C4C4619B5} = {98B73D31-156D-48CA-93D1-EAD6E79EF2E1}
		{4D9B5FCA-84BF-470F-A6BB-F68FCE087E98} = {850CF988-B42A-43C2-88CB-990D8CD41F39}
		{4023DF8C-DE9E-4E56-AEA4-026D6DC267BF} = {0086E51C-49A1-4997-8BBD-8E71AE5030FB}
		{37D2515B-D890-4257-AF7E-E40DAF425C09} = {98B73D31-156D-48CA-93D1-EAD6E79EF2E1}
		{DA7F0095-70C1-4F52-AA45-9D6C74E78266} = {850CF988-B42A-43C2-88CB-990D8CD41F39}
	EndGlobalSection
EndGlobal
